// !$*UTF8*$!
{
	archiveVersion = 1;
	classes = {
	};
	objectVersion = 56;
	objects = {

/* Begin PBXBuildFile section */
		0D5815772BA13CBF0034764F /* LoginFormInteractor.swift in Sources */ = {isa = PBXBuildFile; fileRef = 0D5815762BA13CBF0034764F /* LoginFormInteractor.swift */; };
		0D5815792BA13CE80034764F /* LoginFormPresenter.swift in Sources */ = {isa = PBXBuildFile; fileRef = 0D5815782BA13CE80034764F /* LoginFormPresenter.swift */; };
		0D58157B2BA13DF10034764F /* LoginFormData.swift in Sources */ = {isa = PBXBuildFile; fileRef = 0D58157A2BA13DF10034764F /* LoginFormData.swift */; };
		0D58157D2BA13EC70034764F /* SignupRouter.swift in Sources */ = {isa = PBXBuildFile; fileRef = 0D58157C2BA13EC70034764F /* SignupRouter.swift */; };
		0D5815802BA13F160034764F /* LoginAssembly.swift in Sources */ = {isa = PBXBuildFile; fileRef = 0D58157F2BA13F160034764F /* LoginAssembly.swift */; };
		0D5815822BA1465D0034764F /* LoginRouter.swift in Sources */ = {isa = PBXBuildFile; fileRef = 0D5815812BA1465D0034764F /* LoginRouter.swift */; };
		0D5815842BA1697D0034764F /* ProjectsAssembly.swift in Sources */ = {isa = PBXBuildFile; fileRef = 0D5815832BA1697D0034764F /* ProjectsAssembly.swift */; };
		0D5815862BA169C80034764F /* ProjectsInteractor.swift in Sources */ = {isa = PBXBuildFile; fileRef = 0D5815852BA169C80034764F /* ProjectsInteractor.swift */; };
		0D5815882BA16A260034764F /* ProjectsPresenter.swift in Sources */ = {isa = PBXBuildFile; fileRef = 0D5815872BA16A260034764F /* ProjectsPresenter.swift */; };
		0D58158A2BA16A680034764F /* ProjectsRouter.swift in Sources */ = {isa = PBXBuildFile; fileRef = 0D5815892BA16A680034764F /* ProjectsRouter.swift */; };
		0D58158E2BA17F260034764F /* SignupRequest.swift in Sources */ = {isa = PBXBuildFile; fileRef = 0D58158D2BA17F260034764F /* SignupRequest.swift */; };
		0D5815922BA186FF0034764F /* ApiError.swift in Sources */ = {isa = PBXBuildFile; fileRef = 0D5815912BA186FF0034764F /* ApiError.swift */; };
		0D5815942BA1F8720034764F /* AppIcons.xcassets in Resources */ = {isa = PBXBuildFile; fileRef = 0D5815932BA1F8720034764F /* AppIcons.xcassets */; };
		0D5815982BA1F9AC0034764F /* Icon.swift in Sources */ = {isa = PBXBuildFile; fileRef = 0D5815972BA1F9AC0034764F /* Icon.swift */; };
		0D58159B2BA1FAD60034764F /* IconFactory.swift in Sources */ = {isa = PBXBuildFile; fileRef = 0D58159A2BA1FAD60034764F /* IconFactory.swift */; };
		0D58159D2BA1FE1A0034764F /* RootViewController.swift in Sources */ = {isa = PBXBuildFile; fileRef = 0D58159C2BA1FE1A0034764F /* RootViewController.swift */; };
		0D58159F2BA1FEAD0034764F /* RootRouter.swift in Sources */ = {isa = PBXBuildFile; fileRef = 0D58159E2BA1FEAD0034764F /* RootRouter.swift */; };
		0D5815A12BA1FF1A0034764F /* RootAssembly.swift in Sources */ = {isa = PBXBuildFile; fileRef = 0D5815A02BA1FF1A0034764F /* RootAssembly.swift */; };
		0D5815A32BA202390034764F /* RootInteractor.swift in Sources */ = {isa = PBXBuildFile; fileRef = 0D5815A22BA202390034764F /* RootInteractor.swift */; };
		0D5815A52BA207530034764F /* RootPresenter.swift in Sources */ = {isa = PBXBuildFile; fileRef = 0D5815A42BA207530034764F /* RootPresenter.swift */; };
		0D5815AA2BA2197A0034764F /* TokenResponse.swift in Sources */ = {isa = PBXBuildFile; fileRef = 0D5815A92BA2197A0034764F /* TokenResponse.swift */; };
		0D5815AC2BA21ED40034764F /* MeResponse.swift in Sources */ = {isa = PBXBuildFile; fileRef = 0D5815AB2BA21ED40034764F /* MeResponse.swift */; };
		0D5815AE2BA21EF30034764F /* UserResponse.swift in Sources */ = {isa = PBXBuildFile; fileRef = 0D5815AD2BA21EF30034764F /* UserResponse.swift */; };
		0D5815B02BA3CF400034764F /* SignupResponse.swift in Sources */ = {isa = PBXBuildFile; fileRef = 0D5815AF2BA3CF400034764F /* SignupResponse.swift */; };
		0D5815B32BA3D3100034764F /* Card.swift in Sources */ = {isa = PBXBuildFile; fileRef = 0D5815B22BA3D3100034764F /* Card.swift */; };
		0D5815B72BA3D5270034764F /* CardData.swift in Sources */ = {isa = PBXBuildFile; fileRef = 0D5815B62BA3D5270034764F /* CardData.swift */; };
		0D5815B92BA3D5DF0034764F /* CardList.swift in Sources */ = {isa = PBXBuildFile; fileRef = 0D5815B82BA3D5DF0034764F /* CardList.swift */; };
		0D5815BA2BA3E2210034764F /* Nunito-SemiBold.ttf in Resources */ = {isa = PBXBuildFile; fileRef = 0D5815B42BA3D4250034764F /* Nunito-SemiBold.ttf */; };
		0D5815BC2BA3EC720034764F /* Project.swift in Sources */ = {isa = PBXBuildFile; fileRef = 0D5815BB2BA3EC720034764F /* Project.swift */; };
		0D5815BE2BA3EDBB0034764F /* MyProjectsResponse.swift in Sources */ = {isa = PBXBuildFile; fileRef = 0D5815BD2BA3EDBB0034764F /* MyProjectsResponse.swift */; };
		0D5815C02BA3EEEA0034764F /* ProjectResponse.swift in Sources */ = {isa = PBXBuildFile; fileRef = 0D5815BF2BA3EEEA0034764F /* ProjectResponse.swift */; };
		0D5815C22BA3F5470034764F /* CreateCard.swift in Sources */ = {isa = PBXBuildFile; fileRef = 0D5815C12BA3F5470034764F /* CreateCard.swift */; };
		0D5815C42BA3FBFB0034764F /* NewProjectAssembly.swift in Sources */ = {isa = PBXBuildFile; fileRef = 0D5815C32BA3FBFB0034764F /* NewProjectAssembly.swift */; };
		0D5815C62BA3FC890034764F /* NewProjectViewController.swift in Sources */ = {isa = PBXBuildFile; fileRef = 0D5815C52BA3FC890034764F /* NewProjectViewController.swift */; };
		0D5815C82BA3FD800034764F /* NewProjectFormData.swift in Sources */ = {isa = PBXBuildFile; fileRef = 0D5815C72BA3FD800034764F /* NewProjectFormData.swift */; };
		0D5815CA2BA3FDCA0034764F /* NewProjectInteractor.swift in Sources */ = {isa = PBXBuildFile; fileRef = 0D5815C92BA3FDCA0034764F /* NewProjectInteractor.swift */; };
		0D5815CC2BA3FE490034764F /* NewProjectRequest.swift in Sources */ = {isa = PBXBuildFile; fileRef = 0D5815CB2BA3FE490034764F /* NewProjectRequest.swift */; };
		0D5815CE2BA3FEA60034764F /* NewProjectResponse.swift in Sources */ = {isa = PBXBuildFile; fileRef = 0D5815CD2BA3FEA60034764F /* NewProjectResponse.swift */; };
		0D5815D02BA3FF050034764F /* NewProjectPresenter.swift in Sources */ = {isa = PBXBuildFile; fileRef = 0D5815CF2BA3FF050034764F /* NewProjectPresenter.swift */; };
		0D5815D22BA3FF650034764F /* NewProjectRouter.swift in Sources */ = {isa = PBXBuildFile; fileRef = 0D5815D12BA3FF650034764F /* NewProjectRouter.swift */; };
		0D5815D82BA415FA0034764F /* IconButton.swift in Sources */ = {isa = PBXBuildFile; fileRef = 0D5815D72BA415FA0034764F /* IconButton.swift */; };
		0D8DA4982BA0E11800D76C62 /* SignupFormInteractor.swift in Sources */ = {isa = PBXBuildFile; fileRef = 0D8DA4972BA0E11800D76C62 /* SignupFormInteractor.swift */; };
		0D8DA49A2BA0E1AC00D76C62 /* SignupFormPresenter.swift in Sources */ = {isa = PBXBuildFile; fileRef = 0D8DA4992BA0E1AC00D76C62 /* SignupFormPresenter.swift */; };
		0D8DA4A02BA0F5B900D76C62 /* LoginRequest.swift in Sources */ = {isa = PBXBuildFile; fileRef = 0D8DA49F2BA0F5B800D76C62 /* LoginRequest.swift */; };
		0D8DA4A22BA0F7F600D76C62 /* SignupFormValidator.swift in Sources */ = {isa = PBXBuildFile; fileRef = 0D8DA4A12BA0F7F600D76C62 /* SignupFormValidator.swift */; };
		0D8DA4A52BA0F98200D76C62 /* Validator.swift in Sources */ = {isa = PBXBuildFile; fileRef = 0D8DA4A42BA0F98200D76C62 /* Validator.swift */; };
		0D8DA4AA2BA102A800D76C62 /* SignupFormData.swift in Sources */ = {isa = PBXBuildFile; fileRef = 0D8DA4A92BA102A800D76C62 /* SignupFormData.swift */; };
		0D8DA4B42BA1313A00D76C62 /* SignupAssembly.swift in Sources */ = {isa = PBXBuildFile; fileRef = 0D8DA4B32BA1313A00D76C62 /* SignupAssembly.swift */; };
		0DA841F62B8FEC7A0054ED4B /* ApiService.swift in Sources */ = {isa = PBXBuildFile; fileRef = 0DA841F52B8FEC7A0054ED4B /* ApiService.swift */; };
		0DA841F82B8FEEA90054ED4B /* TokenManager.swift in Sources */ = {isa = PBXBuildFile; fileRef = 0DA841F72B8FEEA90054ED4B /* TokenManager.swift */; };
		0DCE84B02B8592F10019AE42 /* Nunito-Regular.ttf in Resources */ = {isa = PBXBuildFile; fileRef = 0DCE84AF2B8592F10019AE42 /* Nunito-Regular.ttf */; };
		0DCE84B22B8943450019AE42 /* ButtonEmpty.swift in Sources */ = {isa = PBXBuildFile; fileRef = 0DCE84B12B8943450019AE42 /* ButtonEmpty.swift */; };
		0DCE84B42B89464F0019AE42 /* SignupViewController.swift in Sources */ = {isa = PBXBuildFile; fileRef = 0DCE84B32B89464F0019AE42 /* SignupViewController.swift */; };
		0DCE84BC2B8951410019AE42 /* ProjectsViewController.swift in Sources */ = {isa = PBXBuildFile; fileRef = 0DCE84BB2B8951410019AE42 /* ProjectsViewController.swift */; };
		0DCE84BE2B8A55E60019AE42 /* FormInputFactory.swift in Sources */ = {isa = PBXBuildFile; fileRef = 0DCE84BD2B8A55E60019AE42 /* FormInputFactory.swift */; };
		0DCE84C12B8A62930019AE42 /* FieldValidator.swift in Sources */ = {isa = PBXBuildFile; fileRef = 0DCE84C02B8A62930019AE42 /* FieldValidator.swift */; };
		0DCE84C32B8A635F0019AE42 /* EmailValidator.swift in Sources */ = {isa = PBXBuildFile; fileRef = 0DCE84C22B8A635F0019AE42 /* EmailValidator.swift */; };
		0DCE84C52B8A66A40019AE42 /* ErrorLabel.swift in Sources */ = {isa = PBXBuildFile; fileRef = 0DCE84C42B8A66A40019AE42 /* ErrorLabel.swift */; };
		0DCE84C72B8A6F4B0019AE42 /* UIStackViewExtension.swift in Sources */ = {isa = PBXBuildFile; fileRef = 0DCE84C62B8A6F4B0019AE42 /* UIStackViewExtension.swift */; };
		0DCE84C92B8A703A0019AE42 /* PasswordValidator.swift in Sources */ = {isa = PBXBuildFile; fileRef = 0DCE84C82B8A703A0019AE42 /* PasswordValidator.swift */; };
		0DCE84CC2B8A89930019AE42 /* UsernameValidator.swift in Sources */ = {isa = PBXBuildFile; fileRef = 0DCE84CB2B8A89930019AE42 /* UsernameValidator.swift */; };
		0DD5423D2B83F69600362B77 /* AppDelegate.swift in Sources */ = {isa = PBXBuildFile; fileRef = 0DD5423C2B83F69600362B77 /* AppDelegate.swift */; };
		0DD5423F2B83F69600362B77 /* SceneDelegate.swift in Sources */ = {isa = PBXBuildFile; fileRef = 0DD5423E2B83F69600362B77 /* SceneDelegate.swift */; };
		0DD542462B83F69700362B77 /* Assets.xcassets in Resources */ = {isa = PBXBuildFile; fileRef = 0DD542452B83F69700362B77 /* Assets.xcassets */; };
		0DD542492B83F69700362B77 /* LaunchScreen.storyboard in Resources */ = {isa = PBXBuildFile; fileRef = 0DD542472B83F69700362B77 /* LaunchScreen.storyboard */; };
		0DD542522B83F7E700362B77 /* LoginViewConroller.swift in Sources */ = {isa = PBXBuildFile; fileRef = 0DD542512B83F7E700362B77 /* LoginViewConroller.swift */; };
		0DD542552B83FEE900362B77 /* Nunito-Bold.ttf in Resources */ = {isa = PBXBuildFile; fileRef = 0DD542542B83FEE900362B77 /* Nunito-Bold.ttf */; };
		0DD542582B84039300362B77 /* UIColorExtension.swift in Sources */ = {isa = PBXBuildFile; fileRef = 0DD542572B84039300362B77 /* UIColorExtension.swift */; };
		0DD5425A2B84047100362B77 /* UIViewControllerExtension.swift in Sources */ = {isa = PBXBuildFile; fileRef = 0DD542592B84047100362B77 /* UIViewControllerExtension.swift */; };
		0DD5425D2B84075700362B77 /* PageTitle.swift in Sources */ = {isa = PBXBuildFile; fileRef = 0DD5425C2B84075700362B77 /* PageTitle.swift */; };
		0DD5425F2B84078800362B77 /* FormInput.swift in Sources */ = {isa = PBXBuildFile; fileRef = 0DD5425E2B84078800362B77 /* FormInput.swift */; };
		0DD542632B840D6F00362B77 /* Form.swift in Sources */ = {isa = PBXBuildFile; fileRef = 0DD542622B840D6F00362B77 /* Form.swift */; };
		0DD542672B840EEB00362B77 /* UIFontExtension.swift in Sources */ = {isa = PBXBuildFile; fileRef = 0DD542662B840EEB00362B77 /* UIFontExtension.swift */; };
		0DD542712B85472000362B77 /* ButtonActive.swift in Sources */ = {isa = PBXBuildFile; fileRef = 0DD542702B85472000362B77 /* ButtonActive.swift */; };
		0DD542732B85475B00362B77 /* Button.swift in Sources */ = {isa = PBXBuildFile; fileRef = 0DD542722B85475B00362B77 /* Button.swift */; };
		0DD542752B85488800362B77 /* ButtonFactory.swift in Sources */ = {isa = PBXBuildFile; fileRef = 0DD542742B85488800362B77 /* ButtonFactory.swift */; };
		0DD542772B854BE600362B77 /* ButtonRegular.swift in Sources */ = {isa = PBXBuildFile; fileRef = 0DD542762B854BE600362B77 /* ButtonRegular.swift */; };
		FA3AD1019A5DA55764A678A9 /* Pods_ContentApp.framework in Frameworks */ = {isa = PBXBuildFile; fileRef = 6AAF2BBE85330C30A6127A6E /* Pods_ContentApp.framework */; };
/* End PBXBuildFile section */

/* Begin PBXFileReference section */
		0D5815762BA13CBF0034764F /* LoginFormInteractor.swift */ = {isa = PBXFileReference; lastKnownFileType = sourcecode.swift; path = LoginFormInteractor.swift; sourceTree = "<group>"; };
		0D5815782BA13CE80034764F /* LoginFormPresenter.swift */ = {isa = PBXFileReference; lastKnownFileType = sourcecode.swift; path = LoginFormPresenter.swift; sourceTree = "<group>"; };
		0D58157A2BA13DF10034764F /* LoginFormData.swift */ = {isa = PBXFileReference; lastKnownFileType = sourcecode.swift; path = LoginFormData.swift; sourceTree = "<group>"; };
		0D58157C2BA13EC70034764F /* SignupRouter.swift */ = {isa = PBXFileReference; lastKnownFileType = sourcecode.swift; path = SignupRouter.swift; sourceTree = "<group>"; };
		0D58157F2BA13F160034764F /* LoginAssembly.swift */ = {isa = PBXFileReference; lastKnownFileType = sourcecode.swift; path = LoginAssembly.swift; sourceTree = "<group>"; };
		0D5815812BA1465D0034764F /* LoginRouter.swift */ = {isa = PBXFileReference; lastKnownFileType = sourcecode.swift; path = LoginRouter.swift; sourceTree = "<group>"; };
		0D5815832BA1697D0034764F /* ProjectsAssembly.swift */ = {isa = PBXFileReference; lastKnownFileType = sourcecode.swift; path = ProjectsAssembly.swift; sourceTree = "<group>"; };
		0D5815852BA169C80034764F /* ProjectsInteractor.swift */ = {isa = PBXFileReference; lastKnownFileType = sourcecode.swift; path = ProjectsInteractor.swift; sourceTree = "<group>"; };
		0D5815872BA16A260034764F /* ProjectsPresenter.swift */ = {isa = PBXFileReference; lastKnownFileType = sourcecode.swift; path = ProjectsPresenter.swift; sourceTree = "<group>"; };
		0D5815892BA16A680034764F /* ProjectsRouter.swift */ = {isa = PBXFileReference; lastKnownFileType = sourcecode.swift; path = ProjectsRouter.swift; sourceTree = "<group>"; };
		0D58158D2BA17F260034764F /* SignupRequest.swift */ = {isa = PBXFileReference; lastKnownFileType = sourcecode.swift; path = SignupRequest.swift; sourceTree = "<group>"; };
		0D5815912BA186FF0034764F /* ApiError.swift */ = {isa = PBXFileReference; lastKnownFileType = sourcecode.swift; path = ApiError.swift; sourceTree = "<group>"; };
		0D5815932BA1F8720034764F /* AppIcons.xcassets */ = {isa = PBXFileReference; lastKnownFileType = folder.assetcatalog; path = AppIcons.xcassets; sourceTree = "<group>"; };
		0D5815972BA1F9AC0034764F /* Icon.swift */ = {isa = PBXFileReference; lastKnownFileType = sourcecode.swift; path = Icon.swift; sourceTree = "<group>"; };
		0D58159A2BA1FAD60034764F /* IconFactory.swift */ = {isa = PBXFileReference; lastKnownFileType = sourcecode.swift; path = IconFactory.swift; sourceTree = "<group>"; };
		0D58159C2BA1FE1A0034764F /* RootViewController.swift */ = {isa = PBXFileReference; lastKnownFileType = sourcecode.swift; path = RootViewController.swift; sourceTree = "<group>"; };
		0D58159E2BA1FEAD0034764F /* RootRouter.swift */ = {isa = PBXFileReference; lastKnownFileType = sourcecode.swift; path = RootRouter.swift; sourceTree = "<group>"; };
		0D5815A02BA1FF1A0034764F /* RootAssembly.swift */ = {isa = PBXFileReference; lastKnownFileType = sourcecode.swift; path = RootAssembly.swift; sourceTree = "<group>"; };
		0D5815A22BA202390034764F /* RootInteractor.swift */ = {isa = PBXFileReference; lastKnownFileType = sourcecode.swift; path = RootInteractor.swift; sourceTree = "<group>"; };
		0D5815A42BA207530034764F /* RootPresenter.swift */ = {isa = PBXFileReference; lastKnownFileType = sourcecode.swift; path = RootPresenter.swift; sourceTree = "<group>"; };
		0D5815A92BA2197A0034764F /* TokenResponse.swift */ = {isa = PBXFileReference; lastKnownFileType = sourcecode.swift; path = TokenResponse.swift; sourceTree = "<group>"; };
		0D5815AB2BA21ED40034764F /* MeResponse.swift */ = {isa = PBXFileReference; lastKnownFileType = sourcecode.swift; path = MeResponse.swift; sourceTree = "<group>"; };
		0D5815AD2BA21EF30034764F /* UserResponse.swift */ = {isa = PBXFileReference; lastKnownFileType = sourcecode.swift; path = UserResponse.swift; sourceTree = "<group>"; };
		0D5815AF2BA3CF400034764F /* SignupResponse.swift */ = {isa = PBXFileReference; lastKnownFileType = sourcecode.swift; path = SignupResponse.swift; sourceTree = "<group>"; };
		0D5815B22BA3D3100034764F /* Card.swift */ = {isa = PBXFileReference; lastKnownFileType = sourcecode.swift; path = Card.swift; sourceTree = "<group>"; };
		0D5815B42BA3D4250034764F /* Nunito-SemiBold.ttf */ = {isa = PBXFileReference; lastKnownFileType = file; path = "Nunito-SemiBold.ttf"; sourceTree = "<group>"; };
		0D5815B62BA3D5270034764F /* CardData.swift */ = {isa = PBXFileReference; lastKnownFileType = sourcecode.swift; path = CardData.swift; sourceTree = "<group>"; };
		0D5815B82BA3D5DF0034764F /* CardList.swift */ = {isa = PBXFileReference; lastKnownFileType = sourcecode.swift; path = CardList.swift; sourceTree = "<group>"; };
		0D5815BB2BA3EC720034764F /* Project.swift */ = {isa = PBXFileReference; lastKnownFileType = sourcecode.swift; path = Project.swift; sourceTree = "<group>"; };
		0D5815BD2BA3EDBB0034764F /* MyProjectsResponse.swift */ = {isa = PBXFileReference; lastKnownFileType = sourcecode.swift; path = MyProjectsResponse.swift; sourceTree = "<group>"; };
		0D5815BF2BA3EEEA0034764F /* ProjectResponse.swift */ = {isa = PBXFileReference; lastKnownFileType = sourcecode.swift; path = ProjectResponse.swift; sourceTree = "<group>"; };
		0D5815C12BA3F5470034764F /* CreateCard.swift */ = {isa = PBXFileReference; lastKnownFileType = sourcecode.swift; path = CreateCard.swift; sourceTree = "<group>"; };
		0D5815C32BA3FBFB0034764F /* NewProjectAssembly.swift */ = {isa = PBXFileReference; lastKnownFileType = sourcecode.swift; path = NewProjectAssembly.swift; sourceTree = "<group>"; };
		0D5815C52BA3FC890034764F /* NewProjectViewController.swift */ = {isa = PBXFileReference; lastKnownFileType = sourcecode.swift; path = NewProjectViewController.swift; sourceTree = "<group>"; };
		0D5815C72BA3FD800034764F /* NewProjectFormData.swift */ = {isa = PBXFileReference; lastKnownFileType = sourcecode.swift; path = NewProjectFormData.swift; sourceTree = "<group>"; };
		0D5815C92BA3FDCA0034764F /* NewProjectInteractor.swift */ = {isa = PBXFileReference; lastKnownFileType = sourcecode.swift; path = NewProjectInteractor.swift; sourceTree = "<group>"; };
		0D5815CB2BA3FE490034764F /* NewProjectRequest.swift */ = {isa = PBXFileReference; lastKnownFileType = sourcecode.swift; path = NewProjectRequest.swift; sourceTree = "<group>"; };
		0D5815CD2BA3FEA60034764F /* NewProjectResponse.swift */ = {isa = PBXFileReference; lastKnownFileType = sourcecode.swift; path = NewProjectResponse.swift; sourceTree = "<group>"; };
		0D5815CF2BA3FF050034764F /* NewProjectPresenter.swift */ = {isa = PBXFileReference; lastKnownFileType = sourcecode.swift; path = NewProjectPresenter.swift; sourceTree = "<group>"; };
		0D5815D12BA3FF650034764F /* NewProjectRouter.swift */ = {isa = PBXFileReference; lastKnownFileType = sourcecode.swift; path = NewProjectRouter.swift; sourceTree = "<group>"; };
		0D5815D72BA415FA0034764F /* IconButton.swift */ = {isa = PBXFileReference; lastKnownFileType = sourcecode.swift; path = IconButton.swift; sourceTree = "<group>"; };
		0D8DA4972BA0E11800D76C62 /* SignupFormInteractor.swift */ = {isa = PBXFileReference; lastKnownFileType = sourcecode.swift; path = SignupFormInteractor.swift; sourceTree = "<group>"; };
		0D8DA4992BA0E1AC00D76C62 /* SignupFormPresenter.swift */ = {isa = PBXFileReference; lastKnownFileType = sourcecode.swift; path = SignupFormPresenter.swift; sourceTree = "<group>"; };
		0D8DA49F2BA0F5B800D76C62 /* LoginRequest.swift */ = {isa = PBXFileReference; lastKnownFileType = sourcecode.swift; path = LoginRequest.swift; sourceTree = "<group>"; };
		0D8DA4A12BA0F7F600D76C62 /* SignupFormValidator.swift */ = {isa = PBXFileReference; lastKnownFileType = sourcecode.swift; path = SignupFormValidator.swift; sourceTree = "<group>"; };
		0D8DA4A42BA0F98200D76C62 /* Validator.swift */ = {isa = PBXFileReference; lastKnownFileType = sourcecode.swift; path = Validator.swift; sourceTree = "<group>"; };
		0D8DA4A92BA102A800D76C62 /* SignupFormData.swift */ = {isa = PBXFileReference; lastKnownFileType = sourcecode.swift; path = SignupFormData.swift; sourceTree = "<group>"; };
		0D8DA4B32BA1313A00D76C62 /* SignupAssembly.swift */ = {isa = PBXFileReference; lastKnownFileType = sourcecode.swift; path = SignupAssembly.swift; sourceTree = "<group>"; };
		0DA841F52B8FEC7A0054ED4B /* ApiService.swift */ = {isa = PBXFileReference; lastKnownFileType = sourcecode.swift; path = ApiService.swift; sourceTree = "<group>"; };
		0DA841F72B8FEEA90054ED4B /* TokenManager.swift */ = {isa = PBXFileReference; lastKnownFileType = sourcecode.swift; path = TokenManager.swift; sourceTree = "<group>"; };
		0DCE84AF2B8592F10019AE42 /* Nunito-Regular.ttf */ = {isa = PBXFileReference; lastKnownFileType = file; path = "Nunito-Regular.ttf"; sourceTree = "<group>"; };
		0DCE84B12B8943450019AE42 /* ButtonEmpty.swift */ = {isa = PBXFileReference; lastKnownFileType = sourcecode.swift; path = ButtonEmpty.swift; sourceTree = "<group>"; };
		0DCE84B32B89464F0019AE42 /* SignupViewController.swift */ = {isa = PBXFileReference; lastKnownFileType = sourcecode.swift; path = SignupViewController.swift; sourceTree = "<group>"; };
		0DCE84BB2B8951410019AE42 /* ProjectsViewController.swift */ = {isa = PBXFileReference; lastKnownFileType = sourcecode.swift; path = ProjectsViewController.swift; sourceTree = "<group>"; };
		0DCE84BD2B8A55E60019AE42 /* FormInputFactory.swift */ = {isa = PBXFileReference; lastKnownFileType = sourcecode.swift; path = FormInputFactory.swift; sourceTree = "<group>"; };
		0DCE84C02B8A62930019AE42 /* FieldValidator.swift */ = {isa = PBXFileReference; lastKnownFileType = sourcecode.swift; path = FieldValidator.swift; sourceTree = "<group>"; };
		0DCE84C22B8A635F0019AE42 /* EmailValidator.swift */ = {isa = PBXFileReference; lastKnownFileType = sourcecode.swift; path = EmailValidator.swift; sourceTree = "<group>"; };
		0DCE84C42B8A66A40019AE42 /* ErrorLabel.swift */ = {isa = PBXFileReference; lastKnownFileType = sourcecode.swift; path = ErrorLabel.swift; sourceTree = "<group>"; };
		0DCE84C62B8A6F4B0019AE42 /* UIStackViewExtension.swift */ = {isa = PBXFileReference; lastKnownFileType = sourcecode.swift; path = UIStackViewExtension.swift; sourceTree = "<group>"; };
		0DCE84C82B8A703A0019AE42 /* PasswordValidator.swift */ = {isa = PBXFileReference; lastKnownFileType = sourcecode.swift; path = PasswordValidator.swift; sourceTree = "<group>"; };
		0DCE84CB2B8A89930019AE42 /* UsernameValidator.swift */ = {isa = PBXFileReference; lastKnownFileType = sourcecode.swift; path = UsernameValidator.swift; sourceTree = "<group>"; };
		0DD542392B83F69600362B77 /* ContentApp.app */ = {isa = PBXFileReference; explicitFileType = wrapper.application; includeInIndex = 0; path = ContentApp.app; sourceTree = BUILT_PRODUCTS_DIR; };
		0DD5423C2B83F69600362B77 /* AppDelegate.swift */ = {isa = PBXFileReference; lastKnownFileType = sourcecode.swift; path = AppDelegate.swift; sourceTree = "<group>"; };
		0DD5423E2B83F69600362B77 /* SceneDelegate.swift */ = {isa = PBXFileReference; lastKnownFileType = sourcecode.swift; path = SceneDelegate.swift; sourceTree = "<group>"; };
		0DD542452B83F69700362B77 /* Assets.xcassets */ = {isa = PBXFileReference; lastKnownFileType = folder.assetcatalog; path = Assets.xcassets; sourceTree = "<group>"; };
		0DD542482B83F69700362B77 /* Base */ = {isa = PBXFileReference; lastKnownFileType = file.storyboard; name = Base; path = Base.lproj/LaunchScreen.storyboard; sourceTree = "<group>"; };
		0DD5424A2B83F69700362B77 /* Info.plist */ = {isa = PBXFileReference; lastKnownFileType = text.plist.xml; path = Info.plist; sourceTree = "<group>"; };
		0DD542512B83F7E700362B77 /* LoginViewConroller.swift */ = {isa = PBXFileReference; lastKnownFileType = sourcecode.swift; path = LoginViewConroller.swift; sourceTree = "<group>"; };
		0DD542542B83FEE900362B77 /* Nunito-Bold.ttf */ = {isa = PBXFileReference; lastKnownFileType = file; path = "Nunito-Bold.ttf"; sourceTree = "<group>"; };
		0DD542572B84039300362B77 /* UIColorExtension.swift */ = {isa = PBXFileReference; lastKnownFileType = sourcecode.swift; path = UIColorExtension.swift; sourceTree = "<group>"; };
		0DD542592B84047100362B77 /* UIViewControllerExtension.swift */ = {isa = PBXFileReference; lastKnownFileType = sourcecode.swift; path = UIViewControllerExtension.swift; sourceTree = "<group>"; };
		0DD5425C2B84075700362B77 /* PageTitle.swift */ = {isa = PBXFileReference; lastKnownFileType = sourcecode.swift; path = PageTitle.swift; sourceTree = "<group>"; };
		0DD5425E2B84078800362B77 /* FormInput.swift */ = {isa = PBXFileReference; lastKnownFileType = sourcecode.swift; path = FormInput.swift; sourceTree = "<group>"; };
		0DD542622B840D6F00362B77 /* Form.swift */ = {isa = PBXFileReference; lastKnownFileType = sourcecode.swift; path = Form.swift; sourceTree = "<group>"; };
		0DD542662B840EEB00362B77 /* UIFontExtension.swift */ = {isa = PBXFileReference; lastKnownFileType = sourcecode.swift; path = UIFontExtension.swift; sourceTree = "<group>"; };
		0DD542702B85472000362B77 /* ButtonActive.swift */ = {isa = PBXFileReference; lastKnownFileType = sourcecode.swift; path = ButtonActive.swift; sourceTree = "<group>"; };
		0DD542722B85475B00362B77 /* Button.swift */ = {isa = PBXFileReference; lastKnownFileType = sourcecode.swift; path = Button.swift; sourceTree = "<group>"; };
		0DD542742B85488800362B77 /* ButtonFactory.swift */ = {isa = PBXFileReference; lastKnownFileType = sourcecode.swift; path = ButtonFactory.swift; sourceTree = "<group>"; };
		0DD542762B854BE600362B77 /* ButtonRegular.swift */ = {isa = PBXFileReference; lastKnownFileType = sourcecode.swift; path = ButtonRegular.swift; sourceTree = "<group>"; };
		635AE2633E227DFFAC78E5BF /* Pods-ContentApp.debug.xcconfig */ = {isa = PBXFileReference; includeInIndex = 1; lastKnownFileType = text.xcconfig; name = "Pods-ContentApp.debug.xcconfig"; path = "Target Support Files/Pods-ContentApp/Pods-ContentApp.debug.xcconfig"; sourceTree = "<group>"; };
		6AAF2BBE85330C30A6127A6E /* Pods_ContentApp.framework */ = {isa = PBXFileReference; explicitFileType = wrapper.framework; includeInIndex = 0; path = Pods_ContentApp.framework; sourceTree = BUILT_PRODUCTS_DIR; };
		E812B40993E6887762C4341B /* Pods-ContentApp.release.xcconfig */ = {isa = PBXFileReference; includeInIndex = 1; lastKnownFileType = text.xcconfig; name = "Pods-ContentApp.release.xcconfig"; path = "Target Support Files/Pods-ContentApp/Pods-ContentApp.release.xcconfig"; sourceTree = "<group>"; };
/* End PBXFileReference section */

/* Begin PBXFrameworksBuildPhase section */
		0DD542362B83F69600362B77 /* Frameworks */ = {
			isa = PBXFrameworksBuildPhase;
			buildActionMask = 2147483647;
			files = (
				FA3AD1019A5DA55764A678A9 /* Pods_ContentApp.framework in Frameworks */,
			);
			runOnlyForDeploymentPostprocessing = 0;
		};
/* End PBXFrameworksBuildPhase section */

/* Begin PBXGroup section */
		0D4051AD2BA0D06D00EBC636 /* Presenters */ = {
			isa = PBXGroup;
			children = (
				0D8DA4992BA0E1AC00D76C62 /* SignupFormPresenter.swift */,
				0D5815782BA13CE80034764F /* LoginFormPresenter.swift */,
				0D5815872BA16A260034764F /* ProjectsPresenter.swift */,
				0D5815A42BA207530034764F /* RootPresenter.swift */,
				0D5815CF2BA3FF050034764F /* NewProjectPresenter.swift */,
			);
			path = Presenters;
			sourceTree = "<group>";
		};
		0D4051AE2BA0D07900EBC636 /* Interactors */ = {
			isa = PBXGroup;
			children = (
				0DCE84BF2B8A62840019AE42 /* Validators */,
				0D8DA4972BA0E11800D76C62 /* SignupFormInteractor.swift */,
				0D5815762BA13CBF0034764F /* LoginFormInteractor.swift */,
				0D5815852BA169C80034764F /* ProjectsInteractor.swift */,
				0D5815A22BA202390034764F /* RootInteractor.swift */,
				0D5815C92BA3FDCA0034764F /* NewProjectInteractor.swift */,
			);
			path = Interactors;
			sourceTree = "<group>";
		};
		0D4051AF2BA0D08B00EBC636 /* Routers */ = {
			isa = PBXGroup;
			children = (
				0D58157C2BA13EC70034764F /* SignupRouter.swift */,
				0D5815812BA1465D0034764F /* LoginRouter.swift */,
				0D5815892BA16A680034764F /* ProjectsRouter.swift */,
				0D58159E2BA1FEAD0034764F /* RootRouter.swift */,
				0D5815D12BA3FF650034764F /* NewProjectRouter.swift */,
			);
			path = Routers;
			sourceTree = "<group>";
		};
		0D58157E2BA13EFF0034764F /* Assemblies */ = {
			isa = PBXGroup;
			children = (
				0D8DA4B32BA1313A00D76C62 /* SignupAssembly.swift */,
				0D58157F2BA13F160034764F /* LoginAssembly.swift */,
				0D5815832BA1697D0034764F /* ProjectsAssembly.swift */,
				0D5815A02BA1FF1A0034764F /* RootAssembly.swift */,
				0D5815C32BA3FBFB0034764F /* NewProjectAssembly.swift */,
			);
			path = Assemblies;
			sourceTree = "<group>";
		};
		0D58158F2BA17F950034764F /* ApiRequest */ = {
			isa = PBXGroup;
			children = (
				0D8DA49F2BA0F5B800D76C62 /* LoginRequest.swift */,
				0D58158D2BA17F260034764F /* SignupRequest.swift */,
				0D5815CB2BA3FE490034764F /* NewProjectRequest.swift */,
			);
			path = ApiRequest;
			sourceTree = "<group>";
		};
		0D5815902BA17FA40034764F /* FormData */ = {
			isa = PBXGroup;
			children = (
				0D8DA4A92BA102A800D76C62 /* SignupFormData.swift */,
				0D58157A2BA13DF10034764F /* LoginFormData.swift */,
				0D5815C72BA3FD800034764F /* NewProjectFormData.swift */,
			);
			path = FormData;
			sourceTree = "<group>";
		};
		0D5815992BA1FABF0034764F /* Icons */ = {
			isa = PBXGroup;
			children = (
				0D5815972BA1F9AC0034764F /* Icon.swift */,
				0D58159A2BA1FAD60034764F /* IconFactory.swift */,
			);
			path = Icons;
			sourceTree = "<group>";
		};
		0D5815A82BA2193A0034764F /* Responses */ = {
			isa = PBXGroup;
			children = (
				0D5815A92BA2197A0034764F /* TokenResponse.swift */,
				0D5815AB2BA21ED40034764F /* MeResponse.swift */,
				0D5815AD2BA21EF30034764F /* UserResponse.swift */,
				0D5815AF2BA3CF400034764F /* SignupResponse.swift */,
				0D5815BD2BA3EDBB0034764F /* MyProjectsResponse.swift */,
				0D5815BF2BA3EEEA0034764F /* ProjectResponse.swift */,
				0D5815CD2BA3FEA60034764F /* NewProjectResponse.swift */,
			);
			path = Responses;
			sourceTree = "<group>";
		};
		0D5815B12BA3D2E20034764F /* Cards */ = {
			isa = PBXGroup;
			children = (
				0D5815B22BA3D3100034764F /* Card.swift */,
				0D5815B82BA3D5DF0034764F /* CardList.swift */,
				0D5815C12BA3F5470034764F /* CreateCard.swift */,
			);
			path = Cards;
			sourceTree = "<group>";
		};
		0D5815B52BA3D50C0034764F /* PresentationModels */ = {
			isa = PBXGroup;
			children = (
				0D5815B62BA3D5270034764F /* CardData.swift */,
			);
			path = PresentationModels;
			sourceTree = "<group>";
		};
		0D8DA4962BA0E0F000D76C62 /* Managers */ = {
			isa = PBXGroup;
			children = (
				0DA841F72B8FEEA90054ED4B /* TokenManager.swift */,
			);
			path = Managers;
			sourceTree = "<group>";
		};
		0D8DA49B2BA0E8D600D76C62 /* Factories */ = {
			isa = PBXGroup;
			children = (
				0DCE84BD2B8A55E60019AE42 /* FormInputFactory.swift */,
			);
			path = Factories;
			sourceTree = "<group>";
		};
		0D8DA4A32BA0F96400D76C62 /* FieldValidators */ = {
			isa = PBXGroup;
			children = (
				0DCE84C02B8A62930019AE42 /* FieldValidator.swift */,
				0DCE84C22B8A635F0019AE42 /* EmailValidator.swift */,
				0DCE84C82B8A703A0019AE42 /* PasswordValidator.swift */,
				0DCE84CB2B8A89930019AE42 /* UsernameValidator.swift */,
			);
			path = FieldValidators;
			sourceTree = "<group>";
		};
		0D8DA4A62BA0FCC500D76C62 /* DomainModels */ = {
			isa = PBXGroup;
			children = (
				0D5815A82BA2193A0034764F /* Responses */,
				0D5815902BA17FA40034764F /* FormData */,
				0D58158F2BA17F950034764F /* ApiRequest */,
			);
			path = DomainModels;
			sourceTree = "<group>";
		};
		0DA841F42B8FEC6F0054ED4B /* Services */ = {
			isa = PBXGroup;
			children = (
				0DA841F52B8FEC7A0054ED4B /* ApiService.swift */,
				0D5815912BA186FF0034764F /* ApiError.swift */,
			);
			path = Services;
			sourceTree = "<group>";
		};
		0DCE84B72B894B000019AE42 /* Auth */ = {
			isa = PBXGroup;
			children = (
				0DD542512B83F7E700362B77 /* LoginViewConroller.swift */,
				0DCE84B32B89464F0019AE42 /* SignupViewController.swift */,
			);
			path = Auth;
			sourceTree = "<group>";
		};
		0DCE84BA2B89511C0019AE42 /* Projects */ = {
			isa = PBXGroup;
			children = (
				0DCE84BB2B8951410019AE42 /* ProjectsViewController.swift */,
				0D5815C52BA3FC890034764F /* NewProjectViewController.swift */,
			);
			path = Projects;
			sourceTree = "<group>";
		};
		0DCE84BF2B8A62840019AE42 /* Validators */ = {
			isa = PBXGroup;
			children = (
				0D8DA4A32BA0F96400D76C62 /* FieldValidators */,
				0D8DA4A12BA0F7F600D76C62 /* SignupFormValidator.swift */,
				0D8DA4A42BA0F98200D76C62 /* Validator.swift */,
			);
			path = Validators;
			sourceTree = "<group>";
		};
		0DD542302B83F69600362B77 = {
			isa = PBXGroup;
			children = (
				0DD5423B2B83F69600362B77 /* ContentApp */,
				0DD5423A2B83F69600362B77 /* Products */,
				BF352D167E23A43D4CB4EA51 /* Pods */,
				D2945F0B3D8D086F2A0691B9 /* Frameworks */,
			);
			sourceTree = "<group>";
		};
		0DD5423A2B83F69600362B77 /* Products */ = {
			isa = PBXGroup;
			children = (
				0DD542392B83F69600362B77 /* ContentApp.app */,
			);
			name = Products;
			sourceTree = "<group>";
		};
		0DD5423B2B83F69600362B77 /* ContentApp */ = {
			isa = PBXGroup;
			children = (
				0D5815932BA1F8720034764F /* AppIcons.xcassets */,
				0D58157E2BA13EFF0034764F /* Assemblies */,
				0DD5425B2B84073A00362B77 /* Views */,
				0D4051AE2BA0D07900EBC636 /* Interactors */,
				0D4051AD2BA0D06D00EBC636 /* Presenters */,
				0DD5426C2B85338500362B77 /* Entities */,
				0D4051AF2BA0D08B00EBC636 /* Routers */,
				0D5815B52BA3D50C0034764F /* PresentationModels */,
				0D8DA4A62BA0FCC500D76C62 /* DomainModels */,
				0D8DA49B2BA0E8D600D76C62 /* Factories */,
				0D8DA4962BA0E0F000D76C62 /* Managers */,
				0DA841F42B8FEC6F0054ED4B /* Services */,
				0DD542562B84037200362B77 /* Extensions */,
				0DD542532B83FEB900362B77 /* Fonts */,
				0DD5423C2B83F69600362B77 /* AppDelegate.swift */,
				0DD5423E2B83F69600362B77 /* SceneDelegate.swift */,
				0DD542452B83F69700362B77 /* Assets.xcassets */,
				0DD542472B83F69700362B77 /* LaunchScreen.storyboard */,
				0DD5424A2B83F69700362B77 /* Info.plist */,
			);
			path = ContentApp;
			sourceTree = "<group>";
		};
		0DD542502B83F7C100362B77 /* ViewControllers */ = {
			isa = PBXGroup;
			children = (
				0DCE84BA2B89511C0019AE42 /* Projects */,
				0DCE84B72B894B000019AE42 /* Auth */,
				0D58159C2BA1FE1A0034764F /* RootViewController.swift */,
			);
			path = ViewControllers;
			sourceTree = "<group>";
		};
		0DD542532B83FEB900362B77 /* Fonts */ = {
			isa = PBXGroup;
			children = (
				0D5815B42BA3D4250034764F /* Nunito-SemiBold.ttf */,
				0DCE84AF2B8592F10019AE42 /* Nunito-Regular.ttf */,
				0DD542542B83FEE900362B77 /* Nunito-Bold.ttf */,
			);
			path = Fonts;
			sourceTree = "<group>";
		};
		0DD542562B84037200362B77 /* Extensions */ = {
			isa = PBXGroup;
			children = (
				0DD542572B84039300362B77 /* UIColorExtension.swift */,
				0DD542592B84047100362B77 /* UIViewControllerExtension.swift */,
				0DD542662B840EEB00362B77 /* UIFontExtension.swift */,
				0DCE84C62B8A6F4B0019AE42 /* UIStackViewExtension.swift */,
			);
			path = Extensions;
			sourceTree = "<group>";
		};
		0DD5425B2B84073A00362B77 /* Views */ = {
			isa = PBXGroup;
			children = (
				0D5815B12BA3D2E20034764F /* Cards */,
				0D5815992BA1FABF0034764F /* Icons */,
				0DD542502B83F7C100362B77 /* ViewControllers */,
				0DD542782B8550A200362B77 /* Forms */,
				0DD5426F2B85470D00362B77 /* Buttons */,
				0DD5425C2B84075700362B77 /* PageTitle.swift */,
			);
			path = Views;
			sourceTree = "<group>";
		};
		0DD5426C2B85338500362B77 /* Entities */ = {
			isa = PBXGroup;
			children = (
				0D5815BB2BA3EC720034764F /* Project.swift */,
			);
			path = Entities;
			sourceTree = "<group>";
		};
		0DD5426F2B85470D00362B77 /* Buttons */ = {
			isa = PBXGroup;
			children = (
				0DD542702B85472000362B77 /* ButtonActive.swift */,
				0DD542762B854BE600362B77 /* ButtonRegular.swift */,
				0DCE84B12B8943450019AE42 /* ButtonEmpty.swift */,
				0D5815D72BA415FA0034764F /* IconButton.swift */,
				0DD542722B85475B00362B77 /* Button.swift */,
				0DD542742B85488800362B77 /* ButtonFactory.swift */,
			);
			path = Buttons;
			sourceTree = "<group>";
		};
		0DD542782B8550A200362B77 /* Forms */ = {
			isa = PBXGroup;
			children = (
				0DD542622B840D6F00362B77 /* Form.swift */,
				0DD5425E2B84078800362B77 /* FormInput.swift */,
				0DCE84C42B8A66A40019AE42 /* ErrorLabel.swift */,
			);
			path = Forms;
			sourceTree = "<group>";
		};
		BF352D167E23A43D4CB4EA51 /* Pods */ = {
			isa = PBXGroup;
			children = (
				635AE2633E227DFFAC78E5BF /* Pods-ContentApp.debug.xcconfig */,
				E812B40993E6887762C4341B /* Pods-ContentApp.release.xcconfig */,
			);
			path = Pods;
			sourceTree = "<group>";
		};
		D2945F0B3D8D086F2A0691B9 /* Frameworks */ = {
			isa = PBXGroup;
			children = (
				6AAF2BBE85330C30A6127A6E /* Pods_ContentApp.framework */,
			);
			name = Frameworks;
			sourceTree = "<group>";
		};
/* End PBXGroup section */

/* Begin PBXNativeTarget section */
		0DD542382B83F69600362B77 /* ContentApp */ = {
			isa = PBXNativeTarget;
			buildConfigurationList = 0DD5424D2B83F69700362B77 /* Build configuration list for PBXNativeTarget "ContentApp" */;
			buildPhases = (
				1F7884F8371C9B8120E4D817 /* [CP] Check Pods Manifest.lock */,
				0DD542352B83F69600362B77 /* Sources */,
				0DD542362B83F69600362B77 /* Frameworks */,
				0DD542372B83F69600362B77 /* Resources */,
				82C25ED5634C2B6CE9C405F0 /* [CP] Embed Pods Frameworks */,
			);
			buildRules = (
			);
			dependencies = (
			);
			name = ContentApp;
			productName = ContentApp;
			productReference = 0DD542392B83F69600362B77 /* ContentApp.app */;
			productType = "com.apple.product-type.application";
		};
/* End PBXNativeTarget section */

/* Begin PBXProject section */
		0DD542312B83F69600362B77 /* Project object */ = {
			isa = PBXProject;
			attributes = {
				BuildIndependentTargetsInParallel = 1;
				LastSwiftUpdateCheck = 1500;
				LastUpgradeCheck = 1500;
				TargetAttributes = {
					0DD542382B83F69600362B77 = {
						CreatedOnToolsVersion = 15.0.1;
					};
				};
			};
			buildConfigurationList = 0DD542342B83F69600362B77 /* Build configuration list for PBXProject "ContentApp" */;
			compatibilityVersion = "Xcode 14.0";
			developmentRegion = en;
			hasScannedForEncodings = 0;
			knownRegions = (
				en,
				Base,
			);
			mainGroup = 0DD542302B83F69600362B77;
			productRefGroup = 0DD5423A2B83F69600362B77 /* Products */;
			projectDirPath = "";
			projectRoot = "";
			targets = (
				0DD542382B83F69600362B77 /* ContentApp */,
			);
		};
/* End PBXProject section */

/* Begin PBXResourcesBuildPhase section */
		0DD542372B83F69600362B77 /* Resources */ = {
			isa = PBXResourcesBuildPhase;
			buildActionMask = 2147483647;
			files = (
				0D5815BA2BA3E2210034764F /* Nunito-SemiBold.ttf in Resources */,
				0DD542492B83F69700362B77 /* LaunchScreen.storyboard in Resources */,
				0D5815942BA1F8720034764F /* AppIcons.xcassets in Resources */,
				0DD542462B83F69700362B77 /* Assets.xcassets in Resources */,
				0DCE84B02B8592F10019AE42 /* Nunito-Regular.ttf in Resources */,
				0DD542552B83FEE900362B77 /* Nunito-Bold.ttf in Resources */,
			);
			runOnlyForDeploymentPostprocessing = 0;
		};
/* End PBXResourcesBuildPhase section */

/* Begin PBXShellScriptBuildPhase section */
		1F7884F8371C9B8120E4D817 /* [CP] Check Pods Manifest.lock */ = {
			isa = PBXShellScriptBuildPhase;
			buildActionMask = 2147483647;
			files = (
			);
			inputFileListPaths = (
			);
			inputPaths = (
				"${PODS_PODFILE_DIR_PATH}/Podfile.lock",
				"${PODS_ROOT}/Manifest.lock",
			);
			name = "[CP] Check Pods Manifest.lock";
			outputFileListPaths = (
			);
			outputPaths = (
				"$(DERIVED_FILE_DIR)/Pods-ContentApp-checkManifestLockResult.txt",
			);
			runOnlyForDeploymentPostprocessing = 0;
			shellPath = /bin/sh;
			shellScript = "diff \"${PODS_PODFILE_DIR_PATH}/Podfile.lock\" \"${PODS_ROOT}/Manifest.lock\" > /dev/null\nif [ $? != 0 ] ; then\n    # print error to STDERR\n    echo \"error: The sandbox is not in sync with the Podfile.lock. Run 'pod install' or update your CocoaPods installation.\" >&2\n    exit 1\nfi\n# This output is used by Xcode 'outputs' to avoid re-running this script phase.\necho \"SUCCESS\" > \"${SCRIPT_OUTPUT_FILE_0}\"\n";
			showEnvVarsInLog = 0;
		};
		82C25ED5634C2B6CE9C405F0 /* [CP] Embed Pods Frameworks */ = {
			isa = PBXShellScriptBuildPhase;
			buildActionMask = 2147483647;
			files = (
			);
			inputFileListPaths = (
				"${PODS_ROOT}/Target Support Files/Pods-ContentApp/Pods-ContentApp-frameworks-${CONFIGURATION}-input-files.xcfilelist",
			);
			name = "[CP] Embed Pods Frameworks";
			outputFileListPaths = (
				"${PODS_ROOT}/Target Support Files/Pods-ContentApp/Pods-ContentApp-frameworks-${CONFIGURATION}-output-files.xcfilelist",
			);
			runOnlyForDeploymentPostprocessing = 0;
			shellPath = /bin/sh;
			shellScript = "\"${PODS_ROOT}/Target Support Files/Pods-ContentApp/Pods-ContentApp-frameworks.sh\"\n";
			showEnvVarsInLog = 0;
		};
/* End PBXShellScriptBuildPhase section */

/* Begin PBXSourcesBuildPhase section */
		0DD542352B83F69600362B77 /* Sources */ = {
			isa = PBXSourcesBuildPhase;
			buildActionMask = 2147483647;
			files = (
				0D5815D82BA415FA0034764F /* IconButton.swift in Sources */,
				0D5815D02BA3FF050034764F /* NewProjectPresenter.swift in Sources */,
				0D8DA4A22BA0F7F600D76C62 /* SignupFormValidator.swift in Sources */,
				0D8DA4B42BA1313A00D76C62 /* SignupAssembly.swift in Sources */,
				0D5815C42BA3FBFB0034764F /* NewProjectAssembly.swift in Sources */,
				0DD5423D2B83F69600362B77 /* AppDelegate.swift in Sources */,
				0D58158E2BA17F260034764F /* SignupRequest.swift in Sources */,
				0D5815CC2BA3FE490034764F /* NewProjectRequest.swift in Sources */,
				0DCE84BC2B8951410019AE42 /* ProjectsViewController.swift in Sources */,
				0D5815B72BA3D5270034764F /* CardData.swift in Sources */,
				0D5815922BA186FF0034764F /* ApiError.swift in Sources */,
				0D5815772BA13CBF0034764F /* LoginFormInteractor.swift in Sources */,
				0DD542632B840D6F00362B77 /* Form.swift in Sources */,
				0DD5425D2B84075700362B77 /* PageTitle.swift in Sources */,
				0DD5423F2B83F69600362B77 /* SceneDelegate.swift in Sources */,
				0D5815AE2BA21EF30034764F /* UserResponse.swift in Sources */,
				0DD5425A2B84047100362B77 /* UIViewControllerExtension.swift in Sources */,
				0D5815C22BA3F5470034764F /* CreateCard.swift in Sources */,
				0D5815CA2BA3FDCA0034764F /* NewProjectInteractor.swift in Sources */,
				0DCE84CC2B8A89930019AE42 /* UsernameValidator.swift in Sources */,
				0D5815BE2BA3EDBB0034764F /* MyProjectsResponse.swift in Sources */,
				0D5815CE2BA3FEA60034764F /* NewProjectResponse.swift in Sources */,
				0D8DA4A02BA0F5B900D76C62 /* LoginRequest.swift in Sources */,
				0D5815862BA169C80034764F /* ProjectsInteractor.swift in Sources */,
				0D5815842BA1697D0034764F /* ProjectsAssembly.swift in Sources */,
				0D5815822BA1465D0034764F /* LoginRouter.swift in Sources */,
				0D58158A2BA16A680034764F /* ProjectsRouter.swift in Sources */,
				0D58159D2BA1FE1A0034764F /* RootViewController.swift in Sources */,
				0D5815BC2BA3EC720034764F /* Project.swift in Sources */,
				0D5815A32BA202390034764F /* RootInteractor.swift in Sources */,
				0D5815802BA13F160034764F /* LoginAssembly.swift in Sources */,
				0DD542522B83F7E700362B77 /* LoginViewConroller.swift in Sources */,
				0D5815AA2BA2197A0034764F /* TokenResponse.swift in Sources */,
				0D5815882BA16A260034764F /* ProjectsPresenter.swift in Sources */,
				0DCE84BE2B8A55E60019AE42 /* FormInputFactory.swift in Sources */,
				0DD542672B840EEB00362B77 /* UIFontExtension.swift in Sources */,
				0DD542752B85488800362B77 /* ButtonFactory.swift in Sources */,
				0DD5425F2B84078800362B77 /* FormInput.swift in Sources */,
				0D5815C82BA3FD800034764F /* NewProjectFormData.swift in Sources */,
				0DA841F62B8FEC7A0054ED4B /* ApiService.swift in Sources */,
				0D5815D22BA3FF650034764F /* NewProjectRouter.swift in Sources */,
				0D58159F2BA1FEAD0034764F /* RootRouter.swift in Sources */,
				0DCE84B22B8943450019AE42 /* ButtonEmpty.swift in Sources */,
				0DCE84C12B8A62930019AE42 /* FieldValidator.swift in Sources */,
				0DCE84B42B89464F0019AE42 /* SignupViewController.swift in Sources */,
				0D8DA49A2BA0E1AC00D76C62 /* SignupFormPresenter.swift in Sources */,
				0DD542772B854BE600362B77 /* ButtonRegular.swift in Sources */,
				0D8DA4982BA0E11800D76C62 /* SignupFormInteractor.swift in Sources */,
				0DD542712B85472000362B77 /* ButtonActive.swift in Sources */,
				0DD542582B84039300362B77 /* UIColorExtension.swift in Sources */,
				0D58157B2BA13DF10034764F /* LoginFormData.swift in Sources */,
				0DCE84C72B8A6F4B0019AE42 /* UIStackViewExtension.swift in Sources */,
				0D5815B32BA3D3100034764F /* Card.swift in Sources */,
				0DCE84C32B8A635F0019AE42 /* EmailValidator.swift in Sources */,
				0D8DA4AA2BA102A800D76C62 /* SignupFormData.swift in Sources */,
				0DA841F82B8FEEA90054ED4B /* TokenManager.swift in Sources */,
				0DD542732B85475B00362B77 /* Button.swift in Sources */,
				0D58157D2BA13EC70034764F /* SignupRouter.swift in Sources */,
				0D5815AC2BA21ED40034764F /* MeResponse.swift in Sources */,
				0D5815792BA13CE80034764F /* LoginFormPresenter.swift in Sources */,
				0DCE84C92B8A703A0019AE42 /* PasswordValidator.swift in Sources */,
				0D5815A52BA207530034764F /* RootPresenter.swift in Sources */,
				0DCE84C52B8A66A40019AE42 /* ErrorLabel.swift in Sources */,
				0D5815982BA1F9AC0034764F /* Icon.swift in Sources */,
				0D5815C62BA3FC890034764F /* NewProjectViewController.swift in Sources */,
				0D5815B02BA3CF400034764F /* SignupResponse.swift in Sources */,
				0D5815B92BA3D5DF0034764F /* CardList.swift in Sources */,
				0D58159B2BA1FAD60034764F /* IconFactory.swift in Sources */,
				0D5815C02BA3EEEA0034764F /* ProjectResponse.swift in Sources */,
				0D5815A12BA1FF1A0034764F /* RootAssembly.swift in Sources */,
				0D8DA4A52BA0F98200D76C62 /* Validator.swift in Sources */,
			);
			runOnlyForDeploymentPostprocessing = 0;
		};
/* End PBXSourcesBuildPhase section */

/* Begin PBXVariantGroup section */
		0DD542472B83F69700362B77 /* LaunchScreen.storyboard */ = {
			isa = PBXVariantGroup;
			children = (
				0DD542482B83F69700362B77 /* Base */,
			);
			name = LaunchScreen.storyboard;
			sourceTree = "<group>";
		};
/* End PBXVariantGroup section */

/* Begin XCBuildConfiguration section */
		0DD5424B2B83F69700362B77 /* Debug */ = {
			isa = XCBuildConfiguration;
			buildSettings = {
				ALWAYS_SEARCH_USER_PATHS = NO;
				ASSETCATALOG_COMPILER_GENERATE_SWIFT_ASSET_SYMBOL_EXTENSIONS = YES;
				CLANG_ANALYZER_NONNULL = YES;
				CLANG_ANALYZER_NUMBER_OBJECT_CONVERSION = YES_AGGRESSIVE;
				CLANG_CXX_LANGUAGE_STANDARD = "gnu++20";
				CLANG_ENABLE_MODULES = YES;
				CLANG_ENABLE_OBJC_ARC = YES;
				CLANG_ENABLE_OBJC_WEAK = YES;
				CLANG_WARN_BLOCK_CAPTURE_AUTORELEASING = YES;
				CLANG_WARN_BOOL_CONVERSION = YES;
				CLANG_WARN_COMMA = YES;
				CLANG_WARN_CONSTANT_CONVERSION = YES;
				CLANG_WARN_DEPRECATED_OBJC_IMPLEMENTATIONS = YES;
				CLANG_WARN_DIRECT_OBJC_ISA_USAGE = YES_ERROR;
				CLANG_WARN_DOCUMENTATION_COMMENTS = YES;
				CLANG_WARN_EMPTY_BODY = YES;
				CLANG_WARN_ENUM_CONVERSION = YES;
				CLANG_WARN_INFINITE_RECURSION = YES;
				CLANG_WARN_INT_CONVERSION = YES;
				CLANG_WARN_NON_LITERAL_NULL_CONVERSION = YES;
				CLANG_WARN_OBJC_IMPLICIT_RETAIN_SELF = YES;
				CLANG_WARN_OBJC_LITERAL_CONVERSION = YES;
				CLANG_WARN_OBJC_ROOT_CLASS = YES_ERROR;
				CLANG_WARN_QUOTED_INCLUDE_IN_FRAMEWORK_HEADER = YES;
				CLANG_WARN_RANGE_LOOP_ANALYSIS = YES;
				CLANG_WARN_STRICT_PROTOTYPES = YES;
				CLANG_WARN_SUSPICIOUS_MOVE = YES;
				CLANG_WARN_UNGUARDED_AVAILABILITY = YES_AGGRESSIVE;
				CLANG_WARN_UNREACHABLE_CODE = YES;
				CLANG_WARN__DUPLICATE_METHOD_MATCH = YES;
				COPY_PHASE_STRIP = NO;
				DEBUG_INFORMATION_FORMAT = dwarf;
				ENABLE_STRICT_OBJC_MSGSEND = YES;
				ENABLE_TESTABILITY = YES;
				ENABLE_USER_SCRIPT_SANDBOXING = YES;
				GCC_C_LANGUAGE_STANDARD = gnu17;
				GCC_DYNAMIC_NO_PIC = NO;
				GCC_NO_COMMON_BLOCKS = YES;
				GCC_OPTIMIZATION_LEVEL = 0;
				GCC_PREPROCESSOR_DEFINITIONS = (
					"DEBUG=1",
					"$(inherited)",
				);
				GCC_WARN_64_TO_32_BIT_CONVERSION = YES;
				GCC_WARN_ABOUT_RETURN_TYPE = YES_ERROR;
				GCC_WARN_UNDECLARED_SELECTOR = YES;
				GCC_WARN_UNINITIALIZED_AUTOS = YES_AGGRESSIVE;
				GCC_WARN_UNUSED_FUNCTION = YES;
				GCC_WARN_UNUSED_VARIABLE = YES;
				IPHONEOS_DEPLOYMENT_TARGET = 17.0;
				LOCALIZATION_PREFERS_STRING_CATALOGS = YES;
				MTL_ENABLE_DEBUG_INFO = INCLUDE_SOURCE;
				MTL_FAST_MATH = YES;
				ONLY_ACTIVE_ARCH = YES;
				SDKROOT = iphoneos;
				SWIFT_ACTIVE_COMPILATION_CONDITIONS = "DEBUG $(inherited)";
				SWIFT_OPTIMIZATION_LEVEL = "-Onone";
			};
			name = Debug;
		};
		0DD5424C2B83F69700362B77 /* Release */ = {
			isa = XCBuildConfiguration;
			buildSettings = {
				ALWAYS_SEARCH_USER_PATHS = NO;
				ASSETCATALOG_COMPILER_GENERATE_SWIFT_ASSET_SYMBOL_EXTENSIONS = YES;
				CLANG_ANALYZER_NONNULL = YES;
				CLANG_ANALYZER_NUMBER_OBJECT_CONVERSION = YES_AGGRESSIVE;
				CLANG_CXX_LANGUAGE_STANDARD = "gnu++20";
				CLANG_ENABLE_MODULES = YES;
				CLANG_ENABLE_OBJC_ARC = YES;
				CLANG_ENABLE_OBJC_WEAK = YES;
				CLANG_WARN_BLOCK_CAPTURE_AUTORELEASING = YES;
				CLANG_WARN_BOOL_CONVERSION = YES;
				CLANG_WARN_COMMA = YES;
				CLANG_WARN_CONSTANT_CONVERSION = YES;
				CLANG_WARN_DEPRECATED_OBJC_IMPLEMENTATIONS = YES;
				CLANG_WARN_DIRECT_OBJC_ISA_USAGE = YES_ERROR;
				CLANG_WARN_DOCUMENTATION_COMMENTS = YES;
				CLANG_WARN_EMPTY_BODY = YES;
				CLANG_WARN_ENUM_CONVERSION = YES;
				CLANG_WARN_INFINITE_RECURSION = YES;
				CLANG_WARN_INT_CONVERSION = YES;
				CLANG_WARN_NON_LITERAL_NULL_CONVERSION = YES;
				CLANG_WARN_OBJC_IMPLICIT_RETAIN_SELF = YES;
				CLANG_WARN_OBJC_LITERAL_CONVERSION = YES;
				CLANG_WARN_OBJC_ROOT_CLASS = YES_ERROR;
				CLANG_WARN_QUOTED_INCLUDE_IN_FRAMEWORK_HEADER = YES;
				CLANG_WARN_RANGE_LOOP_ANALYSIS = YES;
				CLANG_WARN_STRICT_PROTOTYPES = YES;
				CLANG_WARN_SUSPICIOUS_MOVE = YES;
				CLANG_WARN_UNGUARDED_AVAILABILITY = YES_AGGRESSIVE;
				CLANG_WARN_UNREACHABLE_CODE = YES;
				CLANG_WARN__DUPLICATE_METHOD_MATCH = YES;
				COPY_PHASE_STRIP = NO;
				DEBUG_INFORMATION_FORMAT = "dwarf-with-dsym";
				ENABLE_NS_ASSERTIONS = NO;
				ENABLE_STRICT_OBJC_MSGSEND = YES;
				ENABLE_USER_SCRIPT_SANDBOXING = YES;
				GCC_C_LANGUAGE_STANDARD = gnu17;
				GCC_NO_COMMON_BLOCKS = YES;
				GCC_WARN_64_TO_32_BIT_CONVERSION = YES;
				GCC_WARN_ABOUT_RETURN_TYPE = YES_ERROR;
				GCC_WARN_UNDECLARED_SELECTOR = YES;
				GCC_WARN_UNINITIALIZED_AUTOS = YES_AGGRESSIVE;
				GCC_WARN_UNUSED_FUNCTION = YES;
				GCC_WARN_UNUSED_VARIABLE = YES;
				IPHONEOS_DEPLOYMENT_TARGET = 17.0;
				LOCALIZATION_PREFERS_STRING_CATALOGS = YES;
				MTL_ENABLE_DEBUG_INFO = NO;
				MTL_FAST_MATH = YES;
				SDKROOT = iphoneos;
				SWIFT_COMPILATION_MODE = wholemodule;
				VALIDATE_PRODUCT = YES;
			};
			name = Release;
		};
		0DD5424E2B83F69700362B77 /* Debug */ = {
			isa = XCBuildConfiguration;
			baseConfigurationReference = 635AE2633E227DFFAC78E5BF /* Pods-ContentApp.debug.xcconfig */;
			buildSettings = {
				ASSETCATALOG_COMPILER_APPICON_NAME = AppIcon;
				ASSETCATALOG_COMPILER_GLOBAL_ACCENT_COLOR_NAME = AccentColor;
				CODE_SIGN_STYLE = Automatic;
				CURRENT_PROJECT_VERSION = 1;
				DEVELOPMENT_TEAM = Z44S759MCV;
				ENABLE_USER_SCRIPT_SANDBOXING = NO;
				GENERATE_INFOPLIST_FILE = YES;
				INFOPLIST_FILE = ContentApp/Info.plist;
				INFOPLIST_KEY_CFBundleDisplayName = content;
				INFOPLIST_KEY_UIApplicationSupportsIndirectInputEvents = YES;
				INFOPLIST_KEY_UILaunchStoryboardName = LaunchScreen.storyboard;
				INFOPLIST_KEY_UISupportedInterfaceOrientations_iPad = "UIInterfaceOrientationPortrait UIInterfaceOrientationPortraitUpsideDown UIInterfaceOrientationLandscapeLeft UIInterfaceOrientationLandscapeRight";
				INFOPLIST_KEY_UISupportedInterfaceOrientations_iPhone = "UIInterfaceOrientationPortrait UIInterfaceOrientationLandscapeLeft UIInterfaceOrientationLandscapeRight";
				IPHONEOS_DEPLOYMENT_TARGET = 14.0;
				LD_RUNPATH_SEARCH_PATHS = (
					"$(inherited)",
					"@executable_path/Frameworks",
				);
				MARKETING_VERSION = 1.0;
				PRODUCT_BUNDLE_IDENTIFIER = "-23.ContentApp";
				PRODUCT_NAME = "$(TARGET_NAME)";
				SWIFT_EMIT_LOC_STRINGS = YES;
				SWIFT_VERSION = 5.0;
				TARGETED_DEVICE_FAMILY = "1,2";
			};
			name = Debug;
		};
		0DD5424F2B83F69700362B77 /* Release */ = {
			isa = XCBuildConfiguration;
			baseConfigurationReference = E812B40993E6887762C4341B /* Pods-ContentApp.release.xcconfig */;
			buildSettings = {
				ASSETCATALOG_COMPILER_APPICON_NAME = AppIcon;
				ASSETCATALOG_COMPILER_GLOBAL_ACCENT_COLOR_NAME = AccentColor;
				CODE_SIGN_STYLE = Automatic;
				CURRENT_PROJECT_VERSION = 1;
				DEVELOPMENT_TEAM = Z44S759MCV;
				ENABLE_USER_SCRIPT_SANDBOXING = NO;
				GENERATE_INFOPLIST_FILE = YES;
				INFOPLIST_FILE = ContentApp/Info.plist;
				INFOPLIST_KEY_CFBundleDisplayName = content;
				INFOPLIST_KEY_UIApplicationSupportsIndirectInputEvents = YES;
				INFOPLIST_KEY_UILaunchStoryboardName = LaunchScreen.storyboard;
				INFOPLIST_KEY_UISupportedInterfaceOrientations_iPad = "UIInterfaceOrientationPortrait UIInterfaceOrientationPortraitUpsideDown UIInterfaceOrientationLandscapeLeft UIInterfaceOrientationLandscapeRight";
				INFOPLIST_KEY_UISupportedInterfaceOrientations_iPhone = "UIInterfaceOrientationPortrait UIInterfaceOrientationLandscapeLeft UIInterfaceOrientationLandscapeRight";
				IPHONEOS_DEPLOYMENT_TARGET = 14.0;
				LD_RUNPATH_SEARCH_PATHS = (
					"$(inherited)",
					"@executable_path/Frameworks",
				);
				MARKETING_VERSION = 1.0;
				PRODUCT_BUNDLE_IDENTIFIER = "-23.ContentApp";
				PRODUCT_NAME = "$(TARGET_NAME)";
				SWIFT_EMIT_LOC_STRINGS = YES;
				SWIFT_VERSION = 5.0;
				TARGETED_DEVICE_FAMILY = "1,2";
			};
			name = Release;
		};
/* End XCBuildConfiguration section */

/* Begin XCConfigurationList section */
		0DD542342B83F69600362B77 /* Build configuration list for PBXProject "ContentApp" */ = {
			isa = XCConfigurationList;
			buildConfigurations = (
				0DD5424B2B83F69700362B77 /* Debug */,
				0DD5424C2B83F69700362B77 /* Release */,
			);
			defaultConfigurationIsVisible = 0;
			defaultConfigurationName = Release;
		};
		0DD5424D2B83F69700362B77 /* Build configuration list for PBXNativeTarget "ContentApp" */ = {
			isa = XCConfigurationList;
			buildConfigurations = (
				0DD5424E2B83F69700362B77 /* Debug */,
				0DD5424F2B83F69700362B77 /* Release */,
			);
			defaultConfigurationIsVisible = 0;
			defaultConfigurationName = Release;
		};
/* End XCConfigurationList section */
	};
	rootObject = 0DD542312B83F69600362B77 /* Project object */;
}
